// !$*UTF8*$!
{
	archiveVersion = 1;
	classes = {
	};
	objectVersion = 55;
	objects = {

/* Begin PBXBuildFile section */
		940571FA27CE299100B6C99A /* Text+.swift in Sources */ = {isa = PBXBuildFile; fileRef = 940571F927CE299000B6C99A /* Text+.swift */; };
		941BFAE027B4260A009A384B /* LandmarkListRow.swift in Sources */ = {isa = PBXBuildFile; fileRef = 943754E327B41B6D00C9DC56 /* LandmarkListRow.swift */; };
		941BFAE127B4260A009A384B /* LandmarkListViewModel.swift in Sources */ = {isa = PBXBuildFile; fileRef = 943754E427B41B6D00C9DC56 /* LandmarkListViewModel.swift */; };
		941BFAE227B4260A009A384B /* LandmarkListView.swift in Sources */ = {isa = PBXBuildFile; fileRef = 943754E527B41B6E00C9DC56 /* LandmarkListView.swift */; };
		943754BE27B3D35700C9DC56 /* CoreDataManager.swift in Sources */ = {isa = PBXBuildFile; fileRef = 943754BD27B3D35700C9DC56 /* CoreDataManager.swift */; };
		943754C127B3D3AA00C9DC56 /* CoreDataManagerImpl.swift in Sources */ = {isa = PBXBuildFile; fileRef = 943754C027B3D3AA00C9DC56 /* CoreDataManagerImpl.swift */; };
		943754C427B3D69200C9DC56 /* CategoryRepository.swift in Sources */ = {isa = PBXBuildFile; fileRef = 943754C327B3D69200C9DC56 /* CategoryRepository.swift */; };
		943754C827B3D9AA00C9DC56 /* CategoryListRow.swift in Sources */ = {isa = PBXBuildFile; fileRef = 943754C727B3D9AA00C9DC56 /* CategoryListRow.swift */; };
		943754CB27B3DB7500C9DC56 /* Date+.swift in Sources */ = {isa = PBXBuildFile; fileRef = 943754CA27B3DB7500C9DC56 /* Date+.swift */; };
		943754CE27B3F1AC00C9DC56 /* TextAlert.swift in Sources */ = {isa = PBXBuildFile; fileRef = 943754CD27B3F1AC00C9DC56 /* TextAlert.swift */; };
		943754D027B3F1C900C9DC56 /* UIAlertController+.swift in Sources */ = {isa = PBXBuildFile; fileRef = 943754CF27B3F1C900C9DC56 /* UIAlertController+.swift */; };
		943754D427B3F49B00C9DC56 /* String+.swift in Sources */ = {isa = PBXBuildFile; fileRef = 943754D327B3F49B00C9DC56 /* String+.swift */; };
		943754D627B3FCD500C9DC56 /* ErrorDisplayWrapper.swift in Sources */ = {isa = PBXBuildFile; fileRef = 943754D527B3FCD500C9DC56 /* ErrorDisplayWrapper.swift */; };
		943754DC27B40FAB00C9DC56 /* Category.swift in Sources */ = {isa = PBXBuildFile; fileRef = 943754DB27B40FAB00C9DC56 /* Category.swift */; };
		943754DF27B40FDE00C9DC56 /* Mapper.swift in Sources */ = {isa = PBXBuildFile; fileRef = 943754DE27B40FDE00C9DC56 /* Mapper.swift */; };
		943754E727B41C6900C9DC56 /* Landmark.swift in Sources */ = {isa = PBXBuildFile; fileRef = 943754E627B41C6900C9DC56 /* Landmark.swift */; };
		943754E927B4233B00C9DC56 /* LandmarkRepository.swift in Sources */ = {isa = PBXBuildFile; fileRef = 943754E827B4233B00C9DC56 /* LandmarkRepository.swift */; };
		943C73A927CE235700C30DE6 /* LandmarkDetails.swift in Sources */ = {isa = PBXBuildFile; fileRef = 943C73A827CE235700C30DE6 /* LandmarkDetails.swift */; };
		94808BAA27B3CCD100CFC488 /* LandmarkManagerApp.swift in Sources */ = {isa = PBXBuildFile; fileRef = 94808BA927B3CCD100CFC488 /* LandmarkManagerApp.swift */; };
		94808BAE27B3CCD400CFC488 /* Assets.xcassets in Resources */ = {isa = PBXBuildFile; fileRef = 94808BAD27B3CCD400CFC488 /* Assets.xcassets */; };
		94808BB127B3CCD400CFC488 /* Preview Assets.xcassets in Resources */ = {isa = PBXBuildFile; fileRef = 94808BB027B3CCD400CFC488 /* Preview Assets.xcassets */; };
		94808BB627B3CCD400CFC488 /* LandmarkManager.xcdatamodeld in Sources */ = {isa = PBXBuildFile; fileRef = 94808BB427B3CCD400CFC488 /* LandmarkManager.xcdatamodeld */; };
		94808BC127B3CE3100CFC488 /* CategoryListView.swift in Sources */ = {isa = PBXBuildFile; fileRef = 94808BC027B3CE3100CFC488 /* CategoryListView.swift */; };
		94808BC327B3CE8000CFC488 /* CategoryListViewModel.swift in Sources */ = {isa = PBXBuildFile; fileRef = 94808BC227B3CE8000CFC488 /* CategoryListViewModel.swift */; };
		948E47F327CCFD9C007B4409 /* Coordinate.swift in Sources */ = {isa = PBXBuildFile; fileRef = 948E47F227CCFD9C007B4409 /* Coordinate.swift */; };
		948E47F627CD243A007B4409 /* LandmarkMapView.swift in Sources */ = {isa = PBXBuildFile; fileRef = 948E47F527CD243A007B4409 /* LandmarkMapView.swift */; };
		948E47F827CD243E007B4409 /* LandmarkMapViewModel.swift in Sources */ = {isa = PBXBuildFile; fileRef = 948E47F727CD243E007B4409 /* LandmarkMapViewModel.swift */; };
		94916DF927BC020C00CB5FB1 /* AddLandmarkView.swift in Sources */ = {isa = PBXBuildFile; fileRef = 94916DF827BC020C00CB5FB1 /* AddLandmarkView.swift */; };
		949C5EB827F1EE31001CE353 /* LandmarkDetailsViewModel.swift in Sources */ = {isa = PBXBuildFile; fileRef = 949C5EB727F1EE31001CE353 /* LandmarkDetailsViewModel.swift */; };
		94A60AFE27D799AE001F3AC3 /* Localizable.strings in Resources */ = {isa = PBXBuildFile; fileRef = 94A60B0027D799AE001F3AC3 /* Localizable.strings */; };
		94D3C19127D74AA8002F1CCD /* ListSortingProperty.swift in Sources */ = {isa = PBXBuildFile; fileRef = 94D3C19027D74AA8002F1CCD /* ListSortingProperty.swift */; };
		94D3C19627D7508D002F1CCD /* BoyerMoore.swift in Sources */ = {isa = PBXBuildFile; fileRef = 94D3C19527D7508D002F1CCD /* BoyerMoore.swift */; };
		94D3C19927D76DE2002F1CCD /* LandmarkGridCell.swift in Sources */ = {isa = PBXBuildFile; fileRef = 94D3C19827D76DE2002F1CCD /* LandmarkGridCell.swift */; };
		94D73EBF27BCE2030036E114 /* TextView.swift in Sources */ = {isa = PBXBuildFile; fileRef = 94D73EBE27BCE2030036E114 /* TextView.swift */; };
		94D73EC127BCE3A00036E114 /* ImagePicker.swift in Sources */ = {isa = PBXBuildFile; fileRef = 94D73EC027BCE3A00036E114 /* ImagePicker.swift */; };
		94D73EC427BCEEE40036E114 /* SplashScreenView.swift in Sources */ = {isa = PBXBuildFile; fileRef = 94D73EC327BCEEE40036E114 /* SplashScreenView.swift */; };
		94D73EC627BCF2F50036E114 /* Spinner.swift in Sources */ = {isa = PBXBuildFile; fileRef = 94D73EC527BCF2F50036E114 /* Spinner.swift */; };
		94D73EE827BD08320036E114 /* LocationManager.swift in Sources */ = {isa = PBXBuildFile; fileRef = 94D73EE727BD08320036E114 /* LocationManager.swift */; };
		94D73EEA27BD0B5C0036E114 /* AddLandmarkViewModel.swift in Sources */ = {isa = PBXBuildFile; fileRef = 94D73EE927BD0B5C0036E114 /* AddLandmarkViewModel.swift */; };
		94D73EEC27BD0C6E0036E114 /* LandmarkLocation.swift in Sources */ = {isa = PBXBuildFile; fileRef = 94D73EEB27BD0C6E0036E114 /* LandmarkLocation.swift */; };
		94D73EEF27BD0F1E0036E114 /* LandmarkLocationSearchView.swift in Sources */ = {isa = PBXBuildFile; fileRef = 94D73EEE27BD0F1E0036E114 /* LandmarkLocationSearchView.swift */; };
		94D73EF127BD2C5B0036E114 /* MapView.swift in Sources */ = {isa = PBXBuildFile; fileRef = 94D73EF027BD2C5B0036E114 /* MapView.swift */; };
		94D73EF327BD2CAF0036E114 /* LandmarkLocationMapViewModel.swift in Sources */ = {isa = PBXBuildFile; fileRef = 94D73EF227BD2CAF0036E114 /* LandmarkLocationMapViewModel.swift */; };
/* End PBXBuildFile section */

/* Begin PBXFileReference section */
		940571F927CE299000B6C99A /* Text+.swift */ = {isa = PBXFileReference; lastKnownFileType = sourcecode.swift; path = "Text+.swift"; sourceTree = "<group>"; };
		943754BD27B3D35700C9DC56 /* CoreDataManager.swift */ = {isa = PBXFileReference; lastKnownFileType = sourcecode.swift; path = CoreDataManager.swift; sourceTree = "<group>"; };
		943754C027B3D3AA00C9DC56 /* CoreDataManagerImpl.swift */ = {isa = PBXFileReference; lastKnownFileType = sourcecode.swift; path = CoreDataManagerImpl.swift; sourceTree = "<group>"; };
		943754C327B3D69200C9DC56 /* CategoryRepository.swift */ = {isa = PBXFileReference; lastKnownFileType = sourcecode.swift; path = CategoryRepository.swift; sourceTree = "<group>"; };
		943754C727B3D9AA00C9DC56 /* CategoryListRow.swift */ = {isa = PBXFileReference; lastKnownFileType = sourcecode.swift; path = CategoryListRow.swift; sourceTree = "<group>"; };
		943754CA27B3DB7500C9DC56 /* Date+.swift */ = {isa = PBXFileReference; lastKnownFileType = sourcecode.swift; path = "Date+.swift"; sourceTree = "<group>"; };
		943754CD27B3F1AC00C9DC56 /* TextAlert.swift */ = {isa = PBXFileReference; lastKnownFileType = sourcecode.swift; path = TextAlert.swift; sourceTree = "<group>"; };
		943754CF27B3F1C900C9DC56 /* UIAlertController+.swift */ = {isa = PBXFileReference; lastKnownFileType = sourcecode.swift; path = "UIAlertController+.swift"; sourceTree = "<group>"; };
		943754D327B3F49B00C9DC56 /* String+.swift */ = {isa = PBXFileReference; lastKnownFileType = sourcecode.swift; path = "String+.swift"; sourceTree = "<group>"; };
		943754D527B3FCD500C9DC56 /* ErrorDisplayWrapper.swift */ = {isa = PBXFileReference; lastKnownFileType = sourcecode.swift; path = ErrorDisplayWrapper.swift; sourceTree = "<group>"; };
		943754DB27B40FAB00C9DC56 /* Category.swift */ = {isa = PBXFileReference; lastKnownFileType = sourcecode.swift; path = Category.swift; sourceTree = "<group>"; };
		943754DE27B40FDE00C9DC56 /* Mapper.swift */ = {isa = PBXFileReference; lastKnownFileType = sourcecode.swift; path = Mapper.swift; sourceTree = "<group>"; };
		943754E327B41B6D00C9DC56 /* LandmarkListRow.swift */ = {isa = PBXFileReference; lastKnownFileType = sourcecode.swift; path = LandmarkListRow.swift; sourceTree = "<group>"; };
		943754E427B41B6D00C9DC56 /* LandmarkListViewModel.swift */ = {isa = PBXFileReference; lastKnownFileType = sourcecode.swift; path = LandmarkListViewModel.swift; sourceTree = "<group>"; };
		943754E527B41B6E00C9DC56 /* LandmarkListView.swift */ = {isa = PBXFileReference; lastKnownFileType = sourcecode.swift; path = LandmarkListView.swift; sourceTree = "<group>"; };
		943754E627B41C6900C9DC56 /* Landmark.swift */ = {isa = PBXFileReference; lastKnownFileType = sourcecode.swift; path = Landmark.swift; sourceTree = "<group>"; };
		943754E827B4233B00C9DC56 /* LandmarkRepository.swift */ = {isa = PBXFileReference; lastKnownFileType = sourcecode.swift; path = LandmarkRepository.swift; sourceTree = "<group>"; };
		943C73A827CE235700C30DE6 /* LandmarkDetails.swift */ = {isa = PBXFileReference; lastKnownFileType = sourcecode.swift; path = LandmarkDetails.swift; sourceTree = "<group>"; };
		94808BA627B3CCD100CFC488 /* LandmarkManager.app */ = {isa = PBXFileReference; explicitFileType = wrapper.application; includeInIndex = 0; path = LandmarkManager.app; sourceTree = BUILT_PRODUCTS_DIR; };
		94808BA927B3CCD100CFC488 /* LandmarkManagerApp.swift */ = {isa = PBXFileReference; lastKnownFileType = sourcecode.swift; path = LandmarkManagerApp.swift; sourceTree = "<group>"; };
		94808BAD27B3CCD400CFC488 /* Assets.xcassets */ = {isa = PBXFileReference; lastKnownFileType = folder.assetcatalog; path = Assets.xcassets; sourceTree = "<group>"; };
		94808BB027B3CCD400CFC488 /* Preview Assets.xcassets */ = {isa = PBXFileReference; lastKnownFileType = folder.assetcatalog; path = "Preview Assets.xcassets"; sourceTree = "<group>"; };
		94808BB527B3CCD400CFC488 /* LandmarkManager.xcdatamodel */ = {isa = PBXFileReference; lastKnownFileType = wrapper.xcdatamodel; path = LandmarkManager.xcdatamodel; sourceTree = "<group>"; };
		94808BC027B3CE3100CFC488 /* CategoryListView.swift */ = {isa = PBXFileReference; lastKnownFileType = sourcecode.swift; path = CategoryListView.swift; sourceTree = "<group>"; };
		94808BC227B3CE8000CFC488 /* CategoryListViewModel.swift */ = {isa = PBXFileReference; lastKnownFileType = sourcecode.swift; path = CategoryListViewModel.swift; sourceTree = "<group>"; };
		948E47F227CCFD9C007B4409 /* Coordinate.swift */ = {isa = PBXFileReference; lastKnownFileType = sourcecode.swift; path = Coordinate.swift; sourceTree = "<group>"; };
		948E47F527CD243A007B4409 /* LandmarkMapView.swift */ = {isa = PBXFileReference; lastKnownFileType = sourcecode.swift; path = LandmarkMapView.swift; sourceTree = "<group>"; };
		948E47F727CD243E007B4409 /* LandmarkMapViewModel.swift */ = {isa = PBXFileReference; lastKnownFileType = sourcecode.swift; path = LandmarkMapViewModel.swift; sourceTree = "<group>"; };
		94916DF827BC020C00CB5FB1 /* AddLandmarkView.swift */ = {isa = PBXFileReference; lastKnownFileType = sourcecode.swift; path = AddLandmarkView.swift; sourceTree = "<group>"; };
		949C5EB727F1EE31001CE353 /* LandmarkDetailsViewModel.swift */ = {isa = PBXFileReference; lastKnownFileType = sourcecode.swift; path = LandmarkDetailsViewModel.swift; sourceTree = "<group>"; };
		94A60AFF27D799AE001F3AC3 /* en */ = {isa = PBXFileReference; lastKnownFileType = text.plist.strings; name = en; path = en.lproj/Localizable.strings; sourceTree = "<group>"; };
		94A60B0127D79AC0001F3AC3 /* fr */ = {isa = PBXFileReference; lastKnownFileType = text.plist.strings; name = fr; path = fr.lproj/Localizable.strings; sourceTree = "<group>"; };
		94D3C19027D74AA8002F1CCD /* ListSortingProperty.swift */ = {isa = PBXFileReference; lastKnownFileType = sourcecode.swift; path = ListSortingProperty.swift; sourceTree = "<group>"; };
		94D3C19527D7508D002F1CCD /* BoyerMoore.swift */ = {isa = PBXFileReference; lastKnownFileType = sourcecode.swift; path = BoyerMoore.swift; sourceTree = "<group>"; };
		94D3C19727D75425002F1CCD /* LandmarkManager.entitlements */ = {isa = PBXFileReference; lastKnownFileType = text.plist.entitlements; path = LandmarkManager.entitlements; sourceTree = "<group>"; };
		94D3C19827D76DE2002F1CCD /* LandmarkGridCell.swift */ = {isa = PBXFileReference; lastKnownFileType = sourcecode.swift; path = LandmarkGridCell.swift; sourceTree = "<group>"; };
		94D73EBE27BCE2030036E114 /* TextView.swift */ = {isa = PBXFileReference; lastKnownFileType = sourcecode.swift; path = TextView.swift; sourceTree = "<group>"; };
		94D73EC027BCE3A00036E114 /* ImagePicker.swift */ = {isa = PBXFileReference; lastKnownFileType = sourcecode.swift; path = ImagePicker.swift; sourceTree = "<group>"; };
		94D73EC327BCEEE40036E114 /* SplashScreenView.swift */ = {isa = PBXFileReference; lastKnownFileType = sourcecode.swift; path = SplashScreenView.swift; sourceTree = "<group>"; };
		94D73EC527BCF2F50036E114 /* Spinner.swift */ = {isa = PBXFileReference; lastKnownFileType = sourcecode.swift; path = Spinner.swift; sourceTree = "<group>"; };
		94D73EE727BD08320036E114 /* LocationManager.swift */ = {isa = PBXFileReference; lastKnownFileType = sourcecode.swift; path = LocationManager.swift; sourceTree = "<group>"; };
		94D73EE927BD0B5C0036E114 /* AddLandmarkViewModel.swift */ = {isa = PBXFileReference; lastKnownFileType = sourcecode.swift; path = AddLandmarkViewModel.swift; sourceTree = "<group>"; };
		94D73EEB27BD0C6E0036E114 /* LandmarkLocation.swift */ = {isa = PBXFileReference; lastKnownFileType = sourcecode.swift; path = LandmarkLocation.swift; sourceTree = "<group>"; };
		94D73EEE27BD0F1E0036E114 /* LandmarkLocationSearchView.swift */ = {isa = PBXFileReference; lastKnownFileType = sourcecode.swift; path = LandmarkLocationSearchView.swift; sourceTree = "<group>"; };
		94D73EF027BD2C5B0036E114 /* MapView.swift */ = {isa = PBXFileReference; lastKnownFileType = sourcecode.swift; path = MapView.swift; sourceTree = "<group>"; };
		94D73EF227BD2CAF0036E114 /* LandmarkLocationMapViewModel.swift */ = {isa = PBXFileReference; lastKnownFileType = sourcecode.swift; path = LandmarkLocationMapViewModel.swift; sourceTree = "<group>"; };
/* End PBXFileReference section */

/* Begin PBXFrameworksBuildPhase section */
		94808BA327B3CCD100CFC488 /* Frameworks */ = {
			isa = PBXFrameworksBuildPhase;
			buildActionMask = 2147483647;
			files = (
			);
			runOnlyForDeploymentPostprocessing = 0;
		};
/* End PBXFrameworksBuildPhase section */

/* Begin PBXGroup section */
		943754BF27B3D39D00C9DC56 /* manager */ = {
			isa = PBXGroup;
			children = (
				943754BD27B3D35700C9DC56 /* CoreDataManager.swift */,
				943754C027B3D3AA00C9DC56 /* CoreDataManagerImpl.swift */,
				94D73EE727BD08320036E114 /* LocationManager.swift */,
			);
			path = manager;
			sourceTree = "<group>";
		};
		943754C227B3D65F00C9DC56 /* repository */ = {
			isa = PBXGroup;
			children = (
				943754E827B4233B00C9DC56 /* LandmarkRepository.swift */,
				943754C327B3D69200C9DC56 /* CategoryRepository.swift */,
			);
			path = repository;
			sourceTree = "<group>";
		};
		943754C927B3DB6C00C9DC56 /* extensions */ = {
			isa = PBXGroup;
			children = (
				943754CA27B3DB7500C9DC56 /* Date+.swift */,
				943754D327B3F49B00C9DC56 /* String+.swift */,
				940571F927CE299000B6C99A /* Text+.swift */,
			);
			path = extensions;
			sourceTree = "<group>";
		};
		943754CC27B3F19F00C9DC56 /* components */ = {
			isa = PBXGroup;
			children = (
				943754CD27B3F1AC00C9DC56 /* TextAlert.swift */,
				943754CF27B3F1C900C9DC56 /* UIAlertController+.swift */,
				94D73EBE27BCE2030036E114 /* TextView.swift */,
				94D73EC027BCE3A00036E114 /* ImagePicker.swift */,
				94D73EC527BCF2F50036E114 /* Spinner.swift */,
				94D73EF027BD2C5B0036E114 /* MapView.swift */,
			);
			path = components;
			sourceTree = "<group>";
		};
		943754D727B40E9C00C9DC56 /* entity */ = {
			isa = PBXGroup;
			children = (
			);
			path = entity;
			sourceTree = "<group>";
		};
		943754DA27B40FA500C9DC56 /* model */ = {
			isa = PBXGroup;
			children = (
				943754DB27B40FAB00C9DC56 /* Category.swift */,
				943754E627B41C6900C9DC56 /* Landmark.swift */,
				94D73EEB27BD0C6E0036E114 /* LandmarkLocation.swift */,
				948E47F227CCFD9C007B4409 /* Coordinate.swift */,
				94D3C19027D74AA8002F1CCD /* ListSortingProperty.swift */,
			);
			path = model;
			sourceTree = "<group>";
		};
		943754DD27B40FD800C9DC56 /* mapper */ = {
			isa = PBXGroup;
			children = (
				943754DE27B40FDE00C9DC56 /* Mapper.swift */,
			);
			path = mapper;
			sourceTree = "<group>";
		};
		943754E227B41B3F00C9DC56 /* landmarks */ = {
			isa = PBXGroup;
			children = (
				943C73A727CE233400C30DE6 /* landmark-details */,
				94916DF727BC01F800CB5FB1 /* add-landmark */,
				94916DF627BC01EB00CB5FB1 /* landmark-list */,
			);
			path = landmarks;
			sourceTree = "<group>";
		};
		943C73A727CE233400C30DE6 /* landmark-details */ = {
			isa = PBXGroup;
			children = (
				943C73A827CE235700C30DE6 /* LandmarkDetails.swift */,
				949C5EB727F1EE31001CE353 /* LandmarkDetailsViewModel.swift */,
			);
			path = "landmark-details";
			sourceTree = "<group>";
		};
		94808B9D27B3CCD100CFC488 = {
			isa = PBXGroup;
			children = (
				94808BA827B3CCD100CFC488 /* LandmarkManager */,
				94808BA727B3CCD100CFC488 /* Products */,
			);
			sourceTree = "<group>";
		};
		94808BA727B3CCD100CFC488 /* Products */ = {
			isa = PBXGroup;
			children = (
				94808BA627B3CCD100CFC488 /* LandmarkManager.app */,
			);
			name = Products;
			sourceTree = "<group>";
		};
		94808BA827B3CCD100CFC488 /* LandmarkManager */ = {
			isa = PBXGroup;
			children = (
				94D3C19727D75425002F1CCD /* LandmarkManager.entitlements */,
				94808BBD27B3CDF900CFC488 /* global */,
				94808BBC27B3CDDD00CFC488 /* data */,
				94808BBE27B3CE0800CFC488 /* presentation */,
				94A60AFA27D7980E001F3AC3 /* translation */,
				94808BA927B3CCD100CFC488 /* LandmarkManagerApp.swift */,
				94808BAD27B3CCD400CFC488 /* Assets.xcassets */,
				94808BB427B3CCD400CFC488 /* LandmarkManager.xcdatamodeld */,
				94808BAF27B3CCD400CFC488 /* Preview Content */,
			);
			path = LandmarkManager;
			sourceTree = "<group>";
		};
		94808BAF27B3CCD400CFC488 /* Preview Content */ = {
			isa = PBXGroup;
			children = (
				94808BB027B3CCD400CFC488 /* Preview Assets.xcassets */,
			);
			path = "Preview Content";
			sourceTree = "<group>";
		};
		94808BBC27B3CDDD00CFC488 /* data */ = {
			isa = PBXGroup;
			children = (
				943754DD27B40FD800C9DC56 /* mapper */,
				943754DA27B40FA500C9DC56 /* model */,
				943754D727B40E9C00C9DC56 /* entity */,
				943754C227B3D65F00C9DC56 /* repository */,
				943754BF27B3D39D00C9DC56 /* manager */,
			);
			path = data;
			sourceTree = "<group>";
		};
		94808BBD27B3CDF900CFC488 /* global */ = {
			isa = PBXGroup;
			children = (
				94D3C19427D7507E002F1CCD /* utils */,
				943754C927B3DB6C00C9DC56 /* extensions */,
				943754D527B3FCD500C9DC56 /* ErrorDisplayWrapper.swift */,
			);
			path = global;
			sourceTree = "<group>";
		};
		94808BBE27B3CE0800CFC488 /* presentation */ = {
			isa = PBXGroup;
			children = (
				94D73EC227BCEED20036E114 /* splashscreen */,
				94808BBF27B3CE2400CFC488 /* categories */,
				943754E227B41B3F00C9DC56 /* landmarks */,
				943754CC27B3F19F00C9DC56 /* components */,
			);
			path = presentation;
			sourceTree = "<group>";
		};
		94808BBF27B3CE2400CFC488 /* categories */ = {
			isa = PBXGroup;
			children = (
				94808BC027B3CE3100CFC488 /* CategoryListView.swift */,
				94808BC227B3CE8000CFC488 /* CategoryListViewModel.swift */,
				943754C727B3D9AA00C9DC56 /* CategoryListRow.swift */,
			);
			path = categories;
			sourceTree = "<group>";
		};
		948E47F427CD2426007B4409 /* landmark-map */ = {
			isa = PBXGroup;
			children = (
				948E47F727CD243E007B4409 /* LandmarkMapViewModel.swift */,
				948E47F527CD243A007B4409 /* LandmarkMapView.swift */,
			);
			path = "landmark-map";
			sourceTree = "<group>";
		};
		94916DF627BC01EB00CB5FB1 /* landmark-list */ = {
			isa = PBXGroup;
			children = (
				948E47F427CD2426007B4409 /* landmark-map */,
				943754E527B41B6E00C9DC56 /* LandmarkListView.swift */,
				943754E427B41B6D00C9DC56 /* LandmarkListViewModel.swift */,
				943754E327B41B6D00C9DC56 /* LandmarkListRow.swift */,
				94D3C19827D76DE2002F1CCD /* LandmarkGridCell.swift */,
			);
			path = "landmark-list";
			sourceTree = "<group>";
		};
		94916DF727BC01F800CB5FB1 /* add-landmark */ = {
			isa = PBXGroup;
			children = (
				94D73EED27BD0F0C0036E114 /* location-search */,
				94916DF827BC020C00CB5FB1 /* AddLandmarkView.swift */,
				94D73EE927BD0B5C0036E114 /* AddLandmarkViewModel.swift */,
			);
			path = "add-landmark";
			sourceTree = "<group>";
		};
		94A60AFA27D7980E001F3AC3 /* translation */ = {
			isa = PBXGroup;
			children = (
				94A60B0027D799AE001F3AC3 /* Localizable.strings */,
			);
			path = translation;
			sourceTree = "<group>";
		};
		94D3C19427D7507E002F1CCD /* utils */ = {
			isa = PBXGroup;
			children = (
				94D3C19527D7508D002F1CCD /* BoyerMoore.swift */,
			);
			path = utils;
			sourceTree = "<group>";
		};
		94D73EC227BCEED20036E114 /* splashscreen */ = {
			isa = PBXGroup;
			children = (
				94D73EC327BCEEE40036E114 /* SplashScreenView.swift */,
			);
			path = splashscreen;
			sourceTree = "<group>";
		};
		94D73EED27BD0F0C0036E114 /* location-search */ = {
			isa = PBXGroup;
			children = (
				94D73EEE27BD0F1E0036E114 /* LandmarkLocationSearchView.swift */,
				94D73EF227BD2CAF0036E114 /* LandmarkLocationMapViewModel.swift */,
			);
			path = "location-search";
			sourceTree = "<group>";
		};
/* End PBXGroup section */

/* Begin PBXNativeTarget section */
		94808BA527B3CCD100CFC488 /* LandmarkManager */ = {
			isa = PBXNativeTarget;
			buildConfigurationList = 94808BB927B3CCD400CFC488 /* Build configuration list for PBXNativeTarget "LandmarkManager" */;
			buildPhases = (
				94808BA227B3CCD100CFC488 /* Sources */,
				94808BA327B3CCD100CFC488 /* Frameworks */,
				94808BA427B3CCD100CFC488 /* Resources */,
			);
			buildRules = (
			);
			dependencies = (
			);
			name = LandmarkManager;
			productName = LandmarkManager;
			productReference = 94808BA627B3CCD100CFC488 /* LandmarkManager.app */;
			productType = "com.apple.product-type.application";
		};
/* End PBXNativeTarget section */

/* Begin PBXProject section */
		94808B9E27B3CCD100CFC488 /* Project object */ = {
			isa = PBXProject;
			attributes = {
				BuildIndependentTargetsInParallel = 1;
				LastSwiftUpdateCheck = 1320;
				LastUpgradeCheck = 1320;
				TargetAttributes = {
					94808BA527B3CCD100CFC488 = {
						CreatedOnToolsVersion = 13.2.1;
					};
				};
			};
			buildConfigurationList = 94808BA127B3CCD100CFC488 /* Build configuration list for PBXProject "LandmarkManager" */;
			compatibilityVersion = "Xcode 13.0";
			developmentRegion = en;
			hasScannedForEncodings = 0;
			knownRegions = (
				en,
				Base,
				fr,
			);
			mainGroup = 94808B9D27B3CCD100CFC488;
			productRefGroup = 94808BA727B3CCD100CFC488 /* Products */;
			projectDirPath = "";
			projectRoot = "";
			targets = (
				94808BA527B3CCD100CFC488 /* LandmarkManager */,
			);
		};
/* End PBXProject section */

/* Begin PBXResourcesBuildPhase section */
		94808BA427B3CCD100CFC488 /* Resources */ = {
			isa = PBXResourcesBuildPhase;
			buildActionMask = 2147483647;
			files = (
				94808BB127B3CCD400CFC488 /* Preview Assets.xcassets in Resources */,
				94A60AFE27D799AE001F3AC3 /* Localizable.strings in Resources */,
				94808BAE27B3CCD400CFC488 /* Assets.xcassets in Resources */,
			);
			runOnlyForDeploymentPostprocessing = 0;
		};
/* End PBXResourcesBuildPhase section */

/* Begin PBXSourcesBuildPhase section */
		94808BA227B3CCD100CFC488 /* Sources */ = {
			isa = PBXSourcesBuildPhase;
			buildActionMask = 2147483647;
			files = (
				943754CE27B3F1AC00C9DC56 /* TextAlert.swift in Sources */,
				94D3C19927D76DE2002F1CCD /* LandmarkGridCell.swift in Sources */,
				943754BE27B3D35700C9DC56 /* CoreDataManager.swift in Sources */,
				943754D627B3FCD500C9DC56 /* ErrorDisplayWrapper.swift in Sources */,
				94D73EEC27BD0C6E0036E114 /* LandmarkLocation.swift in Sources */,
				948E47F327CCFD9C007B4409 /* Coordinate.swift in Sources */,
				943754C827B3D9AA00C9DC56 /* CategoryListRow.swift in Sources */,
				94D73EEF27BD0F1E0036E114 /* LandmarkLocationSearchView.swift in Sources */,
				943C73A927CE235700C30DE6 /* LandmarkDetails.swift in Sources */,
				94808BB627B3CCD400CFC488 /* LandmarkManager.xcdatamodeld in Sources */,
				94916DF927BC020C00CB5FB1 /* AddLandmarkView.swift in Sources */,
				94808BC327B3CE8000CFC488 /* CategoryListViewModel.swift in Sources */,
				94D73EF127BD2C5B0036E114 /* MapView.swift in Sources */,
				943754C127B3D3AA00C9DC56 /* CoreDataManagerImpl.swift in Sources */,
				943754C427B3D69200C9DC56 /* CategoryRepository.swift in Sources */,
				943754D027B3F1C900C9DC56 /* UIAlertController+.swift in Sources */,
				943754CB27B3DB7500C9DC56 /* Date+.swift in Sources */,
				94D73EEA27BD0B5C0036E114 /* AddLandmarkViewModel.swift in Sources */,
				948E47F627CD243A007B4409 /* LandmarkMapView.swift in Sources */,
				943754E927B4233B00C9DC56 /* LandmarkRepository.swift in Sources */,
				941BFAE127B4260A009A384B /* LandmarkListViewModel.swift in Sources */,
				94D73EF327BD2CAF0036E114 /* LandmarkLocationMapViewModel.swift in Sources */,
				941BFAE027B4260A009A384B /* LandmarkListRow.swift in Sources */,
				94D3C19127D74AA8002F1CCD /* ListSortingProperty.swift in Sources */,
				943754DC27B40FAB00C9DC56 /* Category.swift in Sources */,
				940571FA27CE299100B6C99A /* Text+.swift in Sources */,
				943754DF27B40FDE00C9DC56 /* Mapper.swift in Sources */,
				94D73EC627BCF2F50036E114 /* Spinner.swift in Sources */,
				943754D427B3F49B00C9DC56 /* String+.swift in Sources */,
				943754E727B41C6900C9DC56 /* Landmark.swift in Sources */,
				94808BAA27B3CCD100CFC488 /* LandmarkManagerApp.swift in Sources */,
				94D73EC427BCEEE40036E114 /* SplashScreenView.swift in Sources */,
				949C5EB827F1EE31001CE353 /* LandmarkDetailsViewModel.swift in Sources */,
				94D73EBF27BCE2030036E114 /* TextView.swift in Sources */,
				94D73EC127BCE3A00036E114 /* ImagePicker.swift in Sources */,
				941BFAE227B4260A009A384B /* LandmarkListView.swift in Sources */,
				948E47F827CD243E007B4409 /* LandmarkMapViewModel.swift in Sources */,
				94808BC127B3CE3100CFC488 /* CategoryListView.swift in Sources */,
				94D3C19627D7508D002F1CCD /* BoyerMoore.swift in Sources */,
				94D73EE827BD08320036E114 /* LocationManager.swift in Sources */,
			);
			runOnlyForDeploymentPostprocessing = 0;
		};
/* End PBXSourcesBuildPhase section */

/* Begin PBXVariantGroup section */
		94A60B0027D799AE001F3AC3 /* Localizable.strings */ = {
			isa = PBXVariantGroup;
			children = (
				94A60AFF27D799AE001F3AC3 /* en */,
				94A60B0127D79AC0001F3AC3 /* fr */,
			);
			name = Localizable.strings;
			sourceTree = "<group>";
		};
/* End PBXVariantGroup section */

/* Begin XCBuildConfiguration section */
		94808BB727B3CCD400CFC488 /* Debug */ = {
			isa = XCBuildConfiguration;
			buildSettings = {
				ALWAYS_SEARCH_USER_PATHS = NO;
				CLANG_ANALYZER_NONNULL = YES;
				CLANG_ANALYZER_NUMBER_OBJECT_CONVERSION = YES_AGGRESSIVE;
				CLANG_CXX_LANGUAGE_STANDARD = "gnu++17";
				CLANG_CXX_LIBRARY = "libc++";
				CLANG_ENABLE_MODULES = YES;
				CLANG_ENABLE_OBJC_ARC = YES;
				CLANG_ENABLE_OBJC_WEAK = YES;
				CLANG_WARN_BLOCK_CAPTURE_AUTORELEASING = YES;
				CLANG_WARN_BOOL_CONVERSION = YES;
				CLANG_WARN_COMMA = YES;
				CLANG_WARN_CONSTANT_CONVERSION = YES;
				CLANG_WARN_DEPRECATED_OBJC_IMPLEMENTATIONS = YES;
				CLANG_WARN_DIRECT_OBJC_ISA_USAGE = YES_ERROR;
				CLANG_WARN_DOCUMENTATION_COMMENTS = YES;
				CLANG_WARN_EMPTY_BODY = YES;
				CLANG_WARN_ENUM_CONVERSION = YES;
				CLANG_WARN_INFINITE_RECURSION = YES;
				CLANG_WARN_INT_CONVERSION = YES;
				CLANG_WARN_NON_LITERAL_NULL_CONVERSION = YES;
				CLANG_WARN_OBJC_IMPLICIT_RETAIN_SELF = YES;
				CLANG_WARN_OBJC_LITERAL_CONVERSION = YES;
				CLANG_WARN_OBJC_ROOT_CLASS = YES_ERROR;
				CLANG_WARN_QUOTED_INCLUDE_IN_FRAMEWORK_HEADER = YES;
				CLANG_WARN_RANGE_LOOP_ANALYSIS = YES;
				CLANG_WARN_STRICT_PROTOTYPES = YES;
				CLANG_WARN_SUSPICIOUS_MOVE = YES;
				CLANG_WARN_UNGUARDED_AVAILABILITY = YES_AGGRESSIVE;
				CLANG_WARN_UNREACHABLE_CODE = YES;
				CLANG_WARN__DUPLICATE_METHOD_MATCH = YES;
				COPY_PHASE_STRIP = NO;
				DEBUG_INFORMATION_FORMAT = dwarf;
				ENABLE_STRICT_OBJC_MSGSEND = YES;
				ENABLE_TESTABILITY = YES;
				GCC_C_LANGUAGE_STANDARD = gnu11;
				GCC_DYNAMIC_NO_PIC = NO;
				GCC_NO_COMMON_BLOCKS = YES;
				GCC_OPTIMIZATION_LEVEL = 0;
				GCC_PREPROCESSOR_DEFINITIONS = (
					"DEBUG=1",
					"$(inherited)",
				);
				GCC_WARN_64_TO_32_BIT_CONVERSION = YES;
				GCC_WARN_ABOUT_RETURN_TYPE = YES_ERROR;
				GCC_WARN_UNDECLARED_SELECTOR = YES;
				GCC_WARN_UNINITIALIZED_AUTOS = YES_AGGRESSIVE;
				GCC_WARN_UNUSED_FUNCTION = YES;
				GCC_WARN_UNUSED_VARIABLE = YES;
				IPHONEOS_DEPLOYMENT_TARGET = 15.2;
				MTL_ENABLE_DEBUG_INFO = INCLUDE_SOURCE;
				MTL_FAST_MATH = YES;
				ONLY_ACTIVE_ARCH = YES;
				SDKROOT = iphoneos;
				SWIFT_ACTIVE_COMPILATION_CONDITIONS = DEBUG;
				SWIFT_OPTIMIZATION_LEVEL = "-Onone";
			};
			name = Debug;
		};
		94808BB827B3CCD400CFC488 /* Release */ = {
			isa = XCBuildConfiguration;
			buildSettings = {
				ALWAYS_SEARCH_USER_PATHS = NO;
				CLANG_ANALYZER_NONNULL = YES;
				CLANG_ANALYZER_NUMBER_OBJECT_CONVERSION = YES_AGGRESSIVE;
				CLANG_CXX_LANGUAGE_STANDARD = "gnu++17";
				CLANG_CXX_LIBRARY = "libc++";
				CLANG_ENABLE_MODULES = YES;
				CLANG_ENABLE_OBJC_ARC = YES;
				CLANG_ENABLE_OBJC_WEAK = YES;
				CLANG_WARN_BLOCK_CAPTURE_AUTORELEASING = YES;
				CLANG_WARN_BOOL_CONVERSION = YES;
				CLANG_WARN_COMMA = YES;
				CLANG_WARN_CONSTANT_CONVERSION = YES;
				CLANG_WARN_DEPRECATED_OBJC_IMPLEMENTATIONS = YES;
				CLANG_WARN_DIRECT_OBJC_ISA_USAGE = YES_ERROR;
				CLANG_WARN_DOCUMENTATION_COMMENTS = YES;
				CLANG_WARN_EMPTY_BODY = YES;
				CLANG_WARN_ENUM_CONVERSION = YES;
				CLANG_WARN_INFINITE_RECURSION = YES;
				CLANG_WARN_INT_CONVERSION = YES;
				CLANG_WARN_NON_LITERAL_NULL_CONVERSION = YES;
				CLANG_WARN_OBJC_IMPLICIT_RETAIN_SELF = YES;
				CLANG_WARN_OBJC_LITERAL_CONVERSION = YES;
				CLANG_WARN_OBJC_ROOT_CLASS = YES_ERROR;
				CLANG_WARN_QUOTED_INCLUDE_IN_FRAMEWORK_HEADER = YES;
				CLANG_WARN_RANGE_LOOP_ANALYSIS = YES;
				CLANG_WARN_STRICT_PROTOTYPES = YES;
				CLANG_WARN_SUSPICIOUS_MOVE = YES;
				CLANG_WARN_UNGUARDED_AVAILABILITY = YES_AGGRESSIVE;
				CLANG_WARN_UNREACHABLE_CODE = YES;
				CLANG_WARN__DUPLICATE_METHOD_MATCH = YES;
				COPY_PHASE_STRIP = NO;
				DEBUG_INFORMATION_FORMAT = "dwarf-with-dsym";
				ENABLE_NS_ASSERTIONS = NO;
				ENABLE_STRICT_OBJC_MSGSEND = YES;
				GCC_C_LANGUAGE_STANDARD = gnu11;
				GCC_NO_COMMON_BLOCKS = YES;
				GCC_WARN_64_TO_32_BIT_CONVERSION = YES;
				GCC_WARN_ABOUT_RETURN_TYPE = YES_ERROR;
				GCC_WARN_UNDECLARED_SELECTOR = YES;
				GCC_WARN_UNINITIALIZED_AUTOS = YES_AGGRESSIVE;
				GCC_WARN_UNUSED_FUNCTION = YES;
				GCC_WARN_UNUSED_VARIABLE = YES;
				IPHONEOS_DEPLOYMENT_TARGET = 15.2;
				MTL_ENABLE_DEBUG_INFO = NO;
				MTL_FAST_MATH = YES;
				SDKROOT = iphoneos;
				SWIFT_COMPILATION_MODE = wholemodule;
				SWIFT_OPTIMIZATION_LEVEL = "-O";
				VALIDATE_PRODUCT = YES;
			};
			name = Release;
		};
		94808BBA27B3CCD400CFC488 /* Debug */ = {
			isa = XCBuildConfiguration;
			buildSettings = {
				ASSETCATALOG_COMPILER_APPICON_NAME = AppIcon;
				ASSETCATALOG_COMPILER_GLOBAL_ACCENT_COLOR_NAME = AccentColor;
				CODE_SIGN_ENTITLEMENTS = LandmarkManager/LandmarkManager.entitlements;
				CODE_SIGN_STYLE = Automatic;
				CURRENT_PROJECT_VERSION = 1;
				DEVELOPMENT_ASSET_PATHS = "\"LandmarkManager/Preview Content\"";
				DEVELOPMENT_TEAM = K5RB2Q6WDH;
				ENABLE_PREVIEWS = YES;
				EXCLUDED_ARCHS = "";
				"EXCLUDED_ARCHS[sdk=*]" = "";
				GENERATE_INFOPLIST_FILE = YES;
				INFOPLIST_KEY_NSLocationWhenInUseUsageDescription = "Afin de faciliter la saisie des lieux, nous aurions besoin de votre emplacement";
				INFOPLIST_KEY_UIApplicationSceneManifest_Generation = YES;
				INFOPLIST_KEY_UIApplicationSupportsIndirectInputEvents = YES;
				INFOPLIST_KEY_UILaunchScreen_Generation = YES;
				INFOPLIST_KEY_UISupportedInterfaceOrientations = "UIInterfaceOrientationPortrait UIInterfaceOrientationPortraitUpsideDown";
				INFOPLIST_KEY_UISupportedInterfaceOrientations_iPad = "UIInterfaceOrientationPortrait UIInterfaceOrientationPortraitUpsideDown UIInterfaceOrientationLandscapeLeft UIInterfaceOrientationLandscapeRight";
				INFOPLIST_KEY_UISupportedInterfaceOrientations_iPhone = "UIInterfaceOrientationPortrait UIInterfaceOrientationLandscapeLeft UIInterfaceOrientationLandscapeRight";
				LD_RUNPATH_SEARCH_PATHS = (
					"$(inherited)",
					"@executable_path/Frameworks",
				);
				MARKETING_VERSION = 1.0;
				PRODUCT_BUNDLE_IDENTIFIER = com.mipdev.landmarkmanager.LandmarkManager;
				PRODUCT_NAME = "$(TARGET_NAME)";
				SUPPORTS_MACCATALYST = NO;
				SWIFT_EMIT_LOC_STRINGS = YES;
				SWIFT_VERSION = 5.0;
				TARGETED_DEVICE_FAMILY = "1,2";
			};
			name = Debug;
		};
		94808BBB27B3CCD400CFC488 /* Release */ = {
			isa = XCBuildConfiguration;
			buildSettings = {
				ASSETCATALOG_COMPILER_APPICON_NAME = AppIcon;
				ASSETCATALOG_COMPILER_GLOBAL_ACCENT_COLOR_NAME = AccentColor;
				CODE_SIGN_ENTITLEMENTS = LandmarkManager/LandmarkManager.entitlements;
				CODE_SIGN_STYLE = Automatic;
				CURRENT_PROJECT_VERSION = 1;
				DEVELOPMENT_ASSET_PATHS = "\"LandmarkManager/Preview Content\"";
				DEVELOPMENT_TEAM = K5RB2Q6WDH;
				ENABLE_PREVIEWS = YES;
				EXCLUDED_ARCHS = "";
				GENERATE_INFOPLIST_FILE = YES;
				INFOPLIST_KEY_NSLocationWhenInUseUsageDescription = "Afin de faciliter la saisie des lieux, nous aurions besoin de votre emplacement";
				INFOPLIST_KEY_UIApplicationSceneManifest_Generation = YES;
				INFOPLIST_KEY_UIApplicationSupportsIndirectInputEvents = YES;
				INFOPLIST_KEY_UILaunchScreen_Generation = YES;
				INFOPLIST_KEY_UISupportedInterfaceOrientations = "UIInterfaceOrientationPortrait UIInterfaceOrientationPortraitUpsideDown";
				INFOPLIST_KEY_UISupportedInterfaceOrientations_iPad = "UIInterfaceOrientationPortrait UIInterfaceOrientationPortraitUpsideDown UIInterfaceOrientationLandscapeLeft UIInterfaceOrientationLandscapeRight";
				INFOPLIST_KEY_UISupportedInterfaceOrientations_iPhone = "UIInterfaceOrientationPortrait UIInterfaceOrientationLandscapeLeft UIInterfaceOrientationLandscapeRight";
				LD_RUNPATH_SEARCH_PATHS = (
					"$(inherited)",
					"@executable_path/Frameworks",
				);
				MARKETING_VERSION = 1.0;
				PRODUCT_BUNDLE_IDENTIFIER = com.mipdev.landmarkmanager.LandmarkManager;
				PRODUCT_NAME = "$(TARGET_NAME)";
				SUPPORTS_MACCATALYST = NO;
				SWIFT_EMIT_LOC_STRINGS = YES;
				SWIFT_VERSION = 5.0;
				TARGETED_DEVICE_FAMILY = "1,2";
			};
			name = Release;
		};
/* End XCBuildConfiguration section */

/* Begin XCConfigurationList section */
		94808BA127B3CCD100CFC488 /* Build configuration list for PBXProject "LandmarkManager" */ = {
			isa = XCConfigurationList;
			buildConfigurations = (
				94808BB727B3CCD400CFC488 /* Debug */,
				94808BB827B3CCD400CFC488 /* Release */,
			);
			defaultConfigurationIsVisible = 0;
			defaultConfigurationName = Release;
		};
		94808BB927B3CCD400CFC488 /* Build configuration list for PBXNativeTarget "LandmarkManager" */ = {
			isa = XCConfigurationList;
			buildConfigurations = (
				94808BBA27B3CCD400CFC488 /* Debug */,
				94808BBB27B3CCD400CFC488 /* Release */,
			);
			defaultConfigurationIsVisible = 0;
			defaultConfigurationName = Release;
		};
/* End XCConfigurationList section */

/* Begin XCVersionGroup section */
		94808BB427B3CCD400CFC488 /* LandmarkManager.xcdatamodeld */ = {
			isa = XCVersionGroup;
			children = (
				94808BB527B3CCD400CFC488 /* LandmarkManager.xcdatamodel */,
			);
			currentVersion = 94808BB527B3CCD400CFC488 /* LandmarkManager.xcdatamodel */;
			path = LandmarkManager.xcdatamodeld;
			sourceTree = "<group>";
			versionGroupType = wrapper.xcdatamodel;
		};
/* End XCVersionGroup section */
	};
	rootObject = 94808B9E27B3CCD100CFC488 /* Project object */;
}
